<?xml version="1.0" encoding="utf-8"?>
<Project ToolsVersion="4.0" xmlns="http://schemas.microsoft.com/developer/msbuild/2003">
  <ItemGroup>
    <Filter Include="Source Files">
      <UniqueIdentifier>{1ba123b5-0c94-4421-8b61-1ce5fe5e567e}</UniqueIdentifier>
      <Extensions>cpp;c;cxx;def;odl;idl;hpj;bat;asm</Extensions>
    </Filter>
    <Filter Include="Header Files">
      <UniqueIdentifier>{89c06551-cb26-4778-ad4a-253f9038b5c7}</UniqueIdentifier>
      <Extensions>h;hpp;hxx;hm;inl;inc</Extensions>
    </Filter>
    <Filter Include="Resource Files">
      <UniqueIdentifier>{47072298-1303-40ba-a761-ee8a6af64166}</UniqueIdentifier>
      <Extensions>rc;ico;cur;bmp;dlg;rc2;rct;bin;rgs;jpg;jpeg;jpe;manifest</Extensions>
    </Filter>
  </ItemGroup>
  <ItemGroup>
    <ClCompile Include="autoupdate.cpp">
      <Filter>Source Files</Filter>
    </ClCompile>
    <ClCompile Include="core.cpp">
      <Filter>Source Files</Filter>
    </ClCompile>
    <ClCompile Include="httphelper.cpp">
      <Filter>Source Files</Filter>
    </ClCompile>
    <ClCompile Include="stdafx.cpp">
      <Filter>Source Files</Filter>
    </ClCompile>
  </ItemGroup>
  <ItemGroup>
    <ClInclude Include="autoupdate.h">
      <Filter>Header Files</Filter>
    </ClInclude>
    <ClInclude Include="config_xml.h">
      <Filter>Header Files</Filter>
    </ClInclude>
    <ClInclude Include="convert.h">
      <Filter>Header Files</Filter>
    </ClInclude>
    <ClInclude Include="core.h">
      <Filter>Header Files</Filter>
    </ClInclude>
    <ClInclude Include="eventmodule.h">
      <Filter>Header Files</Filter>
    </ClInclude>
    <ClInclude Include="httphelper.h">
      <Filter>Header Files</Filter>
    </ClInclude>
    <ClInclude Include="loader.h">
      <Filter>Header Files</Filter>
    </ClInclude>
    <ClInclude Include="muleventmodule.h">
      <Filter>Header Files</Filter>
    </ClInclude>
    <ClInclude Include="resource.h">
      <Filter>Header Files</Filter>
    </ClInclude>
    <ClInclude Include="stdafx.h">
      <Filter>Header Files</Filter>
    </ClInclude>
    <ClInclude Include="utility\utility.h">
      <Filter>Header Files</Filter>
    </ClInclude>
  </ItemGroup>
  <ItemGroup>
    <Image Include="res\autoupdate.ico">
      <Filter>Resource Files</Filter>
    </Image>
    <Image Include="res\bk.bmp">
      <Filter>Resource Files</Filter>
    </Image>
    <Image Include="runenv\bk.bmp">
      <Filter>Resource Files</Filter>
    </Image>
    <Image Include="res\bk.png" />
  </ItemGroup>
  <ItemGroup>
    <ResourceCompile Include="autoupdate.rc">
      <Filter>Resource Files</Filter>
    </ResourceCompile>
  </ItemGroup>
</Project>